
Microsoft Visual Studio Solution File, Format Version 12.00
# Visual Studio Version 16
VisualStudioVersion = 16.0.31829.152
MinimumVisualStudioVersion = 10.0.40219.1
Project("{FAE04EC0-301F-11D3-BF4B-00C04F79EFBC}") = "ProjectForTests", "ProjectForTests\ProjectForTests.csproj", "{4350FD50-2015-42AB-BBB7-FB022275B439}"
EndProject
Project("{FAE04EC0-301F-11D3-BF4B-00C04F79EFBC}") = "ProjectForTests.Tests", "ProjectForTests.Tests\ProjectForTests.Tests.csproj", "{2C39C9B7-5048-4B7D-935F-439A8B4F9B98}"
EndProject
Global
	GlobalSection(SolutionConfigurationPlatforms) = preSolution
		Debug|Any CPU = Debug|Any CPU
		Release|Any CPU = Release|Any CPU
	EndGlobalSection
	GlobalSection(ProjectConfigurationPlatforms) = postSolution
		{4350FD50-2015-42AB-BBB7-FB022275B439}.Debug|Any CPU.ActiveCfg = Debug|Any CPU
		{4350FD50-2015-42AB-BBB7-FB022275B439}.Debug|Any CPU.Build.0 = Debug|Any CPU
		{4350FD50-2015-42AB-BBB7-FB022275B439}.Release|Any CPU.ActiveCfg = Release|Any CPU
		{4350FD50-2015-42AB-BBB7-FB022275B439}.Release|Any CPU.Build.0 = Release|Any CPU
		{2C39C9B7-5048-4B7D-935F-439A8B4F9B98}.Debug|Any CPU.ActiveCfg = Debug|Any CPU
		{2C39C9B7-5048-4B7D-935F-439A8B4F9B98}.Debug|Any CPU.Build.0 = Debug|Any CPU
		{2C39C9B7-5048-4B7D-935F-439A8B4F9B98}.Release|Any CPU.ActiveCfg = Release|Any CPU
		{2C39C9B7-5048-4B7D-935F-439A8B4F9B98}.Release|Any CPU.Build.0 = Release|Any CPU
	EndGlobalSection
	GlobalSection(SolutionProperties) = preSolution
		HideSolutionNode = FALSE
	EndGlobalSection
	GlobalSection(ExtensibilityGlobals) = postSolution
		SolutionGuid = {44E42532-02C3-422A-AD5E-EE32913D3A76}
	EndGlobalSection
EndGlobal
